
Microsoft Visual Studio Solution File, Format Version 12.00
# Visual Studio Version 17
VisualStudioVersion = 17.7.34024.191
MinimumVisualStudioVersion = 10.0.40219.1
Project("{9A19103F-16F7-4668-BE54-9A1E7A4F7556}") = "MsEmail.API", "MsEmail.API\MsEmail.API.csproj", "{EAE3F46D-69BF-4C12-8888-79055140AC79}"
EndProject
Project("{9A19103F-16F7-4668-BE54-9A1E7A4F7556}") = "MSEmail.Common", "MSEmail.Common\MSEmail.Common.csproj", "{2E0E951E-C51C-4970-8A38-A75884D01020}"
EndProject
Project("{FAE04EC0-301F-11D3-BF4B-00C04F79EFBC}") = "MSEmail.Domain", "MS.Domain\MSEmail.Domain.csproj", "{50640E2A-2EDE-4372-83DD-2EC41DB123A6}"
EndProject
Project("{FAE04EC0-301F-11D3-BF4B-00C04F79EFBC}") = "MSEmail.Infra", "MS.Infra\MSEmail.Infra.csproj", "{AE968613-7EE2-4AEE-B9ED-A9E848F440BE}"
EndProject
Global
	GlobalSection(SolutionConfigurationPlatforms) = preSolution
		Debug|Any CPU = Debug|Any CPU
		Release|Any CPU = Release|Any CPU
	EndGlobalSection
	GlobalSection(ProjectConfigurationPlatforms) = postSolution
		{EAE3F46D-69BF-4C12-8888-79055140AC79}.Debug|Any CPU.ActiveCfg = Debug|Any CPU
		{EAE3F46D-69BF-4C12-8888-79055140AC79}.Debug|Any CPU.Build.0 = Debug|Any CPU
		{EAE3F46D-69BF-4C12-8888-79055140AC79}.Release|Any CPU.ActiveCfg = Release|Any CPU
		{EAE3F46D-69BF-4C12-8888-79055140AC79}.Release|Any CPU.Build.0 = Release|Any CPU
		{2E0E951E-C51C-4970-8A38-A75884D01020}.Debug|Any CPU.ActiveCfg = Debug|Any CPU
		{2E0E951E-C51C-4970-8A38-A75884D01020}.Debug|Any CPU.Build.0 = Debug|Any CPU
		{2E0E951E-C51C-4970-8A38-A75884D01020}.Release|Any CPU.ActiveCfg = Release|Any CPU
		{2E0E951E-C51C-4970-8A38-A75884D01020}.Release|Any CPU.Build.0 = Release|Any CPU
		{50640E2A-2EDE-4372-83DD-2EC41DB123A6}.Debug|Any CPU.ActiveCfg = Debug|Any CPU
		{50640E2A-2EDE-4372-83DD-2EC41DB123A6}.Debug|Any CPU.Build.0 = Debug|Any CPU
		{50640E2A-2EDE-4372-83DD-2EC41DB123A6}.Release|Any CPU.ActiveCfg = Release|Any CPU
		{50640E2A-2EDE-4372-83DD-2EC41DB123A6}.Release|Any CPU.Build.0 = Release|Any CPU
		{AE968613-7EE2-4AEE-B9ED-A9E848F440BE}.Debug|Any CPU.ActiveCfg = Debug|Any CPU
		{AE968613-7EE2-4AEE-B9ED-A9E848F440BE}.Debug|Any CPU.Build.0 = Debug|Any CPU
		{AE968613-7EE2-4AEE-B9ED-A9E848F440BE}.Release|Any CPU.ActiveCfg = Release|Any CPU
		{AE968613-7EE2-4AEE-B9ED-A9E848F440BE}.Release|Any CPU.Build.0 = Release|Any CPU
	EndGlobalSection
	GlobalSection(SolutionProperties) = preSolution
		HideSolutionNode = FALSE
	EndGlobalSection
	GlobalSection(ExtensibilityGlobals) = postSolution
		SolutionGuid = {F24B5975-2D7B-4463-824B-098B5DE3144E}
	EndGlobalSection
EndGlobal
