
Microsoft Visual Studio Solution File, Format Version 12.00
# Visual Studio Version 17
VisualStudioVersion = 17.7.34024.191
MinimumVisualStudioVersion = 10.0.40219.1
Project("{9A19103F-16F7-4668-BE54-9A1E7A4F7556}") = "MSEmail.API", "MsEmail.API\MSEmail.API.csproj", "{EAE3F46D-69BF-4C12-8888-79055140AC79}"
EndProject
Project("{9A19103F-16F7-4668-BE54-9A1E7A4F7556}") = "MSEmail.Common", "MSEmail.Common\MSEmail.Common.csproj", "{2E0E951E-C51C-4970-8A38-A75884D01020}"
EndProject
Project("{9A19103F-16F7-4668-BE54-9A1E7A4F7556}") = "MSEmail.Domain", "MSEmail.Domain\MSEmail.Domain.csproj", "{ED8E7B55-6890-477C-89F1-FB4E79251F82}"
EndProject
Project("{9A19103F-16F7-4668-BE54-9A1E7A4F7556}") = "MSEmail.Infra", "MSEmail.Infra\MSEmail.Infra.csproj", "{A3E2DD52-12BB-45A6-B30E-1CEA71E335FD}"
EndProject
Project("{9A19103F-16F7-4668-BE54-9A1E7A4F7556}") = "MSEmail.Sender", "MSEmail.Sender\MSEmail.Sender.csproj", "{7F237B96-495E-45DA-BE9A-7D1AE387612C}"
EndProject
Project("{9A19103F-16F7-4668-BE54-9A1E7A4F7556}") = "MSEmail.PrepareEmail", "MSEmail.PrepareEmail\MSEmail.PrepareEmail.csproj", "{5B34FC73-228A-4ED5-908F-BF22309773E7}"
EndProject
Project("{FAE04EC0-301F-11D3-BF4B-00C04F79EFBC}") = "MSEmail.WebUI", "MSEmail.WebUI\MSEmail.WebUI.csproj", "{35622F17-ADFC-42F6-A4BA-C636E85D6342}"
EndProject
Global
	GlobalSection(SolutionConfigurationPlatforms) = preSolution
		Debug|Any CPU = Debug|Any CPU
		Release|Any CPU = Release|Any CPU
	EndGlobalSection
	GlobalSection(ProjectConfigurationPlatforms) = postSolution
		{EAE3F46D-69BF-4C12-8888-79055140AC79}.Debug|Any CPU.ActiveCfg = Debug|Any CPU
		{EAE3F46D-69BF-4C12-8888-79055140AC79}.Debug|Any CPU.Build.0 = Debug|Any CPU
		{EAE3F46D-69BF-4C12-8888-79055140AC79}.Release|Any CPU.ActiveCfg = Release|Any CPU
		{EAE3F46D-69BF-4C12-8888-79055140AC79}.Release|Any CPU.Build.0 = Release|Any CPU
		{2E0E951E-C51C-4970-8A38-A75884D01020}.Debug|Any CPU.ActiveCfg = Debug|Any CPU
		{2E0E951E-C51C-4970-8A38-A75884D01020}.Debug|Any CPU.Build.0 = Debug|Any CPU
		{2E0E951E-C51C-4970-8A38-A75884D01020}.Release|Any CPU.ActiveCfg = Release|Any CPU
		{2E0E951E-C51C-4970-8A38-A75884D01020}.Release|Any CPU.Build.0 = Release|Any CPU
		{ED8E7B55-6890-477C-89F1-FB4E79251F82}.Debug|Any CPU.ActiveCfg = Debug|Any CPU
		{ED8E7B55-6890-477C-89F1-FB4E79251F82}.Debug|Any CPU.Build.0 = Debug|Any CPU
		{ED8E7B55-6890-477C-89F1-FB4E79251F82}.Release|Any CPU.ActiveCfg = Release|Any CPU
		{ED8E7B55-6890-477C-89F1-FB4E79251F82}.Release|Any CPU.Build.0 = Release|Any CPU
		{A3E2DD52-12BB-45A6-B30E-1CEA71E335FD}.Debug|Any CPU.ActiveCfg = Debug|Any CPU
		{A3E2DD52-12BB-45A6-B30E-1CEA71E335FD}.Debug|Any CPU.Build.0 = Debug|Any CPU
		{A3E2DD52-12BB-45A6-B30E-1CEA71E335FD}.Release|Any CPU.ActiveCfg = Release|Any CPU
		{A3E2DD52-12BB-45A6-B30E-1CEA71E335FD}.Release|Any CPU.Build.0 = Release|Any CPU
		{7F237B96-495E-45DA-BE9A-7D1AE387612C}.Debug|Any CPU.ActiveCfg = Debug|Any CPU
		{7F237B96-495E-45DA-BE9A-7D1AE387612C}.Debug|Any CPU.Build.0 = Debug|Any CPU
		{7F237B96-495E-45DA-BE9A-7D1AE387612C}.Release|Any CPU.ActiveCfg = Release|Any CPU
		{7F237B96-495E-45DA-BE9A-7D1AE387612C}.Release|Any CPU.Build.0 = Release|Any CPU
		{5B34FC73-228A-4ED5-908F-BF22309773E7}.Debug|Any CPU.ActiveCfg = Debug|Any CPU
		{5B34FC73-228A-4ED5-908F-BF22309773E7}.Debug|Any CPU.Build.0 = Debug|Any CPU
		{5B34FC73-228A-4ED5-908F-BF22309773E7}.Release|Any CPU.ActiveCfg = Release|Any CPU
		{5B34FC73-228A-4ED5-908F-BF22309773E7}.Release|Any CPU.Build.0 = Release|Any CPU
		{35622F17-ADFC-42F6-A4BA-C636E85D6342}.Debug|Any CPU.ActiveCfg = Debug|Any CPU
		{35622F17-ADFC-42F6-A4BA-C636E85D6342}.Debug|Any CPU.Build.0 = Debug|Any CPU
		{35622F17-ADFC-42F6-A4BA-C636E85D6342}.Release|Any CPU.ActiveCfg = Release|Any CPU
		{35622F17-ADFC-42F6-A4BA-C636E85D6342}.Release|Any CPU.Build.0 = Release|Any CPU
	EndGlobalSection
	GlobalSection(SolutionProperties) = preSolution
		HideSolutionNode = FALSE
	EndGlobalSection
	GlobalSection(ExtensibilityGlobals) = postSolution
		SolutionGuid = {F24B5975-2D7B-4463-824B-098B5DE3144E}
	EndGlobalSection
EndGlobal
